<?xml version="1.0" encoding="utf-8"?>
<Project ToolsVersion="4.0" xmlns="http://schemas.microsoft.com/developer/msbuild/2003">
  <ItemGroup>
    <Filter Include="Source Files">
      <UniqueIdentifier>{4FC737F1-C7A5-4376-A066-2A32D752A2FF}</UniqueIdentifier>
      <Extensions>cpp;c;cc;cxx;c++;cppm;ixx;def;odl;idl;hpj;bat;asm;asmx</Extensions>
    </Filter>
    <Filter Include="Header Files">
      <UniqueIdentifier>{93995380-89BD-4b04-88EB-625FBE52EBFB}</UniqueIdentifier>
      <Extensions>h;hh;hpp;hxx;h++;hm;inl;inc;ipp;xsd</Extensions>
    </Filter>
    <Filter Include="Resource Files">
      <UniqueIdentifier>{67DA6AB6-F800-4c08-8B7A-83BB121AAD01}</UniqueIdentifier>
      <Extensions>rc;ico;cur;bmp;dlg;rc2;rct;bin;rgs;gif;jpg;jpeg;jpe;resx;tiff;tif;png;wav;mfcribbon-ms</Extensions>
    </Filter>
    <Filter Include="Source Files\Image Filters">
      <UniqueIdentifier>{ad241360-d414-4183-b207-e4d39fb20af8}</UniqueIdentifier>
    </Filter>
    <Filter Include="Header Files\Image Filters">
      <UniqueIdentifier>{028ee78d-5466-4a91-983a-63f0a7387e2d}</UniqueIdentifier>
    </Filter>
    <Filter Include="Source Files\Filter Parameters Validators">
      <UniqueIdentifier>{a3b51121-a28e-4a01-a0a0-974ed9787872}</UniqueIdentifier>
    </Filter>
    <Filter Include="Header Files\Filter Parameters Validators">
      <UniqueIdentifier>{c977c725-def6-4441-82d9-1ff67484c2ba}</UniqueIdentifier>
    </Filter>
  </ItemGroup>
  <ItemGroup>
    <ClCompile Include="APImageProcessorServer.cpp">
      <Filter>Source Files</Filter>
    </ClCompile>
    <ClCompile Include="UDPServer.cpp">
      <Filter>Source Files</Filter>
    </ClCompile>
    <ClCompile Include="ThreadPool.cpp">
      <Filter>Source Files</Filter>
    </ClCompile>
    <ClCompile Include="ImageProcessor.cpp">
      <Filter>Source Files</Filter>
    </ClCompile>
    <ClCompile Include="ImageMetadataProcessor.cpp">
      <Filter>Source Files</Filter>
    </ClCompile>
    <ClCompile Include="BrightnessAdjuster.cpp">
      <Filter>Source Files\Image Filters</Filter>
    </ClCompile>
    <ClCompile Include="Cropper.cpp">
      <Filter>Source Files\Image Filters</Filter>
    </ClCompile>
    <ClCompile Include="Flipper.cpp">
      <Filter>Source Files\Image Filters</Filter>
    </ClCompile>
    <ClCompile Include="ImageFilterFactory.cpp">
      <Filter>Source Files\Image Filters</Filter>
    </ClCompile>
    <ClCompile Include="Resizer.cpp">
      <Filter>Source Files\Image Filters</Filter>
    </ClCompile>
    <ClCompile Include="RGBToGrayscaleConverter.cpp">
      <Filter>Source Files\Image Filters</Filter>
    </ClCompile>
    <ClCompile Include="Rotator.cpp">
      <Filter>Source Files\Image Filters</Filter>
    </ClCompile>
    <ClCompile Include="BrightnessAdjFilterParamsValidator.cpp">
      <Filter>Source Files\Filter Parameters Validators</Filter>
    </ClCompile>
    <ClCompile Include="CropFilterParamsValidator.cpp">
      <Filter>Source Files\Filter Parameters Validators</Filter>
    </ClCompile>
    <ClCompile Include="FilterParamsValidator.cpp">
      <Filter>Source Files\Filter Parameters Validators</Filter>
    </ClCompile>
    <ClCompile Include="FilterParamsValidatorFactory.cpp">
      <Filter>Source Files\Filter Parameters Validators</Filter>
    </ClCompile>
    <ClCompile Include="FlipFilterParamsValidator.cpp">
      <Filter>Source Files\Filter Parameters Validators</Filter>
    </ClCompile>
    <ClCompile Include="ResizeFilterParamsValidator.cpp">
      <Filter>Source Files\Filter Parameters Validators</Filter>
    </ClCompile>
    <ClCompile Include="RotateFilterParamsValidator.cpp">
      <Filter>Source Files\Filter Parameters Validators</Filter>
    </ClCompile>
    <ClCompile Include="MsgLogger.cpp">
      <Filter>Source Files</Filter>
    </ClCompile>
  </ItemGroup>
  <ItemGroup>
    <ClInclude Include="UDPServer.h">
      <Filter>Header Files</Filter>
    </ClInclude>
    <ClInclude Include="Constants.h">
      <Filter>Header Files</Filter>
    </ClInclude>
    <ClInclude Include="ThreadPool.h">
      <Filter>Header Files</Filter>
    </ClInclude>
    <ClInclude Include="ImageProcessor.h">
      <Filter>Header Files</Filter>
    </ClInclude>
    <ClInclude Include="ImageMetadataProcessor.h">
      <Filter>Header Files</Filter>
    </ClInclude>
    <ClInclude Include="ImageFilter.h">
      <Filter>Header Files\Image Filters</Filter>
    </ClInclude>
    <ClInclude Include="BrightnessAdjuster.h">
      <Filter>Header Files\Image Filters</Filter>
    </ClInclude>
    <ClInclude Include="Cropper.h">
      <Filter>Header Files\Image Filters</Filter>
    </ClInclude>
    <ClInclude Include="Flipper.h">
      <Filter>Header Files\Image Filters</Filter>
    </ClInclude>
    <ClInclude Include="ImageFilterFactory.h">
      <Filter>Header Files\Image Filters</Filter>
    </ClInclude>
    <ClInclude Include="Resizer.h">
      <Filter>Header Files\Image Filters</Filter>
    </ClInclude>
    <ClInclude Include="RGBToGrayscaleConverter.h">
      <Filter>Header Files\Image Filters</Filter>
    </ClInclude>
    <ClInclude Include="Rotator.h">
      <Filter>Header Files\Image Filters</Filter>
    </ClInclude>
    <ClInclude Include="BrightnessAdjFilterParamsValidator.h">
      <Filter>Header Files\Filter Parameters Validators</Filter>
    </ClInclude>
    <ClInclude Include="CropFilterParamsValidator.h">
      <Filter>Header Files\Filter Parameters Validators</Filter>
    </ClInclude>
    <ClInclude Include="FilterParamsValidator.h">
      <Filter>Header Files\Filter Parameters Validators</Filter>
    </ClInclude>
    <ClInclude Include="FilterParamsValidatorFactory.h">
      <Filter>Header Files\Filter Parameters Validators</Filter>
    </ClInclude>
    <ClInclude Include="FlipFilterParamsValidator.h">
      <Filter>Header Files\Filter Parameters Validators</Filter>
    </ClInclude>
    <ClInclude Include="ResizeFilterParamsValidator.h">
      <Filter>Header Files\Filter Parameters Validators</Filter>
    </ClInclude>
    <ClInclude Include="RotateFilterParamsValidator.h">
      <Filter>Header Files\Filter Parameters Validators</Filter>
    </ClInclude>
    <ClInclude Include="MsgLogger.h">
      <Filter>Header Files</Filter>
    </ClInclude>
  </ItemGroup>
</Project>